// !$*UTF8*$!
{
	archiveVersion = 1;
	classes = {
	};
	objectVersion = 50;
	objects = {

/* Begin PBXBuildFile section */
		326E733D24B9986700AB7D00 /* CoronaModel.swift in Sources */ = {isa = PBXBuildFile; fileRef = 326E733C24B9986700AB7D00 /* CoronaModel.swift */; };
		327CC5B424B887B4006DC2A1 /* AppDelegate.swift in Sources */ = {isa = PBXBuildFile; fileRef = 327CC5B324B887B4006DC2A1 /* AppDelegate.swift */; };
		327CC5B624B887B4006DC2A1 /* SceneDelegate.swift in Sources */ = {isa = PBXBuildFile; fileRef = 327CC5B524B887B4006DC2A1 /* SceneDelegate.swift */; };
		327CC5B824B887B4006DC2A1 /* ViewController.swift in Sources */ = {isa = PBXBuildFile; fileRef = 327CC5B724B887B4006DC2A1 /* ViewController.swift */; };
		327CC5BB24B887B4006DC2A1 /* Main.storyboard in Resources */ = {isa = PBXBuildFile; fileRef = 327CC5B924B887B4006DC2A1 /* Main.storyboard */; };
		327CC5BD24B887B6006DC2A1 /* Assets.xcassets in Resources */ = {isa = PBXBuildFile; fileRef = 327CC5BC24B887B6006DC2A1 /* Assets.xcassets */; };
		327CC5C024B887B6006DC2A1 /* LaunchScreen.storyboard in Resources */ = {isa = PBXBuildFile; fileRef = 327CC5BE24B887B6006DC2A1 /* LaunchScreen.storyboard */; };
/* End PBXBuildFile section */

/* Begin PBXFileReference section */
		326E733C24B9986700AB7D00 /* CoronaModel.swift */ = {isa = PBXFileReference; lastKnownFileType = sourcecode.swift; path = CoronaModel.swift; sourceTree = "<group>"; };
		327CC5B024B887B4006DC2A1 /* Covid Tracker.app */ = {isa = PBXFileReference; explicitFileType = wrapper.application; includeInIndex = 0; path = "Covid Tracker.app"; sourceTree = BUILT_PRODUCTS_DIR; };
		327CC5B324B887B4006DC2A1 /* AppDelegate.swift */ = {isa = PBXFileReference; lastKnownFileType = sourcecode.swift; path = AppDelegate.swift; sourceTree = "<group>"; };
		327CC5B524B887B4006DC2A1 /* SceneDelegate.swift */ = {isa = PBXFileReference; lastKnownFileType = sourcecode.swift; path = SceneDelegate.swift; sourceTree = "<group>"; };
		327CC5B724B887B4006DC2A1 /* ViewController.swift */ = {isa = PBXFileReference; lastKnownFileType = sourcecode.swift; path = ViewController.swift; sourceTree = "<group>"; };
		327CC5BA24B887B4006DC2A1 /* Base */ = {isa = PBXFileReference; lastKnownFileType = file.storyboard; name = Base; path = Base.lproj/Main.storyboard; sourceTree = "<group>"; };
		327CC5BC24B887B6006DC2A1 /* Assets.xcassets */ = {isa = PBXFileReference; lastKnownFileType = folder.assetcatalog; path = Assets.xcassets; sourceTree = "<group>"; };
		327CC5BF24B887B6006DC2A1 /* Base */ = {isa = PBXFileReference; lastKnownFileType = file.storyboard; name = Base; path = Base.lproj/LaunchScreen.storyboard; sourceTree = "<group>"; };
		327CC5C124B887B6006DC2A1 /* Info.plist */ = {isa = PBXFileReference; lastKnownFileType = text.plist.xml; path = Info.plist; sourceTree = "<group>"; };
/* End PBXFileReference section */

/* Begin PBXFrameworksBuildPhase section */
		327CC5AD24B887B4006DC2A1 /* Frameworks */ = {
			isa = PBXFrameworksBuildPhase;
			buildActionMask = 2147483647;
			files = (
			);
			runOnlyForDeploymentPostprocessing = 0;
		};
/* End PBXFrameworksBuildPhase section */

/* Begin PBXGroup section */
		327CC5A724B887B4006DC2A1 = {
			isa = PBXGroup;
			children = (
				327CC5B224B887B4006DC2A1 /* Covid Tracker */,
				327CC5B124B887B4006DC2A1 /* Products */,
			);
			sourceTree = "<group>";
		};
		327CC5B124B887B4006DC2A1 /* Products */ = {
			isa = PBXGroup;
			children = (
				327CC5B024B887B4006DC2A1 /* Covid Tracker.app */,
			);
			name = Products;
			sourceTree = "<group>";
		};
		327CC5B224B887B4006DC2A1 /* Covid Tracker */ = {
			isa = PBXGroup;
			children = (
				327CC5B324B887B4006DC2A1 /* AppDelegate.swift */,
				327CC5B524B887B4006DC2A1 /* SceneDelegate.swift */,
				327CC5B724B887B4006DC2A1 /* ViewController.swift */,
				326E733C24B9986700AB7D00 /* CoronaModel.swift */,
				327CC5B924B887B4006DC2A1 /* Main.storyboard */,
				327CC5BC24B887B6006DC2A1 /* Assets.xcassets */,
				327CC5BE24B887B6006DC2A1 /* LaunchScreen.storyboard */,
				327CC5C124B887B6006DC2A1 /* Info.plist */,
			);
			path = "Covid Tracker";
			sourceTree = "<group>";
		};
/* End PBXGroup section */

/* Begin PBXNativeTarget section */
		327CC5AF24B887B4006DC2A1 /* Covid Tracker */ = {
			isa = PBXNativeTarget;
			buildConfigurationList = 327CC5C424B887B6006DC2A1 /* Build configuration list for PBXNativeTarget "Covid Tracker" */;
			buildPhases = (
				327CC5AC24B887B4006DC2A1 /* Sources */,
				327CC5AD24B887B4006DC2A1 /* Frameworks */,
				327CC5AE24B887B4006DC2A1 /* Resources */,
			);
			buildRules = (
			);
			dependencies = (
			);
			name = "Covid Tracker";
			productName = "Covid Tracker";
			productReference = 327CC5B024B887B4006DC2A1 /* Covid Tracker.app */;
			productType = "com.apple.product-type.application";
		};
/* End PBXNativeTarget section */

/* Begin PBXProject section */
		327CC5A824B887B4006DC2A1 /* Project object */ = {
			isa = PBXProject;
			attributes = {
				LastSwiftUpdateCheck = 1140;
				LastUpgradeCheck = 1140;
				ORGANIZATIONNAME = nikit;
				TargetAttributes = {
					327CC5AF24B887B4006DC2A1 = {
						CreatedOnToolsVersion = 11.4.1;
					};
				};
			};
			buildConfigurationList = 327CC5AB24B887B4006DC2A1 /* Build configuration list for PBXProject "Covid Tracker" */;
			compatibilityVersion = "Xcode 9.3";
			developmentRegion = en;
			hasScannedForEncodings = 0;
			knownRegions = (
				en,
				Base,
			);
			mainGroup = 327CC5A724B887B4006DC2A1;
			productRefGroup = 327CC5B124B887B4006DC2A1 /* Products */;
			projectDirPath = "";
			projectRoot = "";
			targets = (
				327CC5AF24B887B4006DC2A1 /* Covid Tracker */,
			);
		};
/* End PBXProject section */

/* Begin PBXResourcesBuildPhase section */
		327CC5AE24B887B4006DC2A1 /* Resources */ = {
			isa = PBXResourcesBuildPhase;
			buildActionMask = 2147483647;
			files = (
				327CC5C024B887B6006DC2A1 /* LaunchScreen.storyboard in Resources */,
				327CC5BD24B887B6006DC2A1 /* Assets.xcassets in Resources */,
				327CC5BB24B887B4006DC2A1 /* Main.storyboard in Resources */,
			);
			runOnlyForDeploymentPostprocessing = 0;
		};
/* End PBXResourcesBuildPhase section */

/* Begin PBXSourcesBuildPhase section */
		327CC5AC24B887B4006DC2A1 /* Sources */ = {
			isa = PBXSourcesBuildPhase;
			buildActionMask = 2147483647;
			files = (
				327CC5B824B887B4006DC2A1 /* ViewController.swift in Sources */,
				327CC5B424B887B4006DC2A1 /* AppDelegate.swift in Sources */,
				327CC5B624B887B4006DC2A1 /* SceneDelegate.swift in Sources */,
				326E733D24B9986700AB7D00 /* CoronaModel.swift in Sources */,
			);
			runOnlyForDeploymentPostprocessing = 0;
		};
/* End PBXSourcesBuildPhase section */

/* Begin PBXVariantGroup section */
		327CC5B924B887B4006DC2A1 /* Main.storyboard */ = {
			isa = PBXVariantGroup;
			children = (
				327CC5BA24B887B4006DC2A1 /* Base */,
			);
			name = Main.storyboard;
			sourceTree = "<group>";
		};
		327CC5BE24B887B6006DC2A1 /* LaunchScreen.storyboard */ = {
			isa = PBXVariantGroup;
			children = (
				327CC5BF24B887B6006DC2A1 /* Base */,
			);
			name = LaunchScreen.storyboard;
			sourceTree = "<group>";
		};
/* End PBXVariantGroup section */

/* Begin XCBuildConfiguration section */
		327CC5C224B887B6006DC2A1 /* Debug */ = {
			isa = XCBuildConfiguration;
			buildSettings = {
				ALWAYS_SEARCH_USER_PATHS = NO;
				CLANG_ANALYZER_NONNULL = YES;
				CLANG_ANALYZER_NUMBER_OBJECT_CONVERSION = YES_AGGRESSIVE;
				CLANG_CXX_LANGUAGE_STANDARD = "gnu++14";
				CLANG_CXX_LIBRARY = "libc++";
				CLANG_ENABLE_MODULES = YES;
				CLANG_ENABLE_OBJC_ARC = YES;
				CLANG_ENABLE_OBJC_WEAK = YES;
				CLANG_WARN_BLOCK_CAPTURE_AUTORELEASING = YES;
				CLANG_WARN_BOOL_CONVERSION = YES;
				CLANG_WARN_COMMA = YES;
				CLANG_WARN_CONSTANT_CONVERSION = YES;
				CLANG_WARN_DEPRECATED_OBJC_IMPLEMENTATIONS = YES;
				CLANG_WARN_DIRECT_OBJC_ISA_USAGE = YES_ERROR;
				CLANG_WARN_DOCUMENTATION_COMMENTS = YES;
				CLANG_WARN_EMPTY_BODY = YES;
				CLANG_WARN_ENUM_CONVERSION = YES;
				CLANG_WARN_INFINITE_RECURSION = YES;
				CLANG_WARN_INT_CONVERSION = YES;
				CLANG_WARN_NON_LITERAL_NULL_CONVERSION = YES;
				CLANG_WARN_OBJC_IMPLICIT_RETAIN_SELF = YES;
				CLANG_WARN_OBJC_LITERAL_CONVERSION = YES;
				CLANG_WARN_OBJC_ROOT_CLASS = YES_ERROR;
				CLANG_WARN_RANGE_LOOP_ANALYSIS = YES;
				CLANG_WARN_STRICT_PROTOTYPES = YES;
				CLANG_WARN_SUSPICIOUS_MOVE = YES;
				CLANG_WARN_UNGUARDED_AVAILABILITY = YES_AGGRESSIVE;
				CLANG_WARN_UNREACHABLE_CODE = YES;
				CLANG_WARN__DUPLICATE_METHOD_MATCH = YES;
				COPY_PHASE_STRIP = NO;
				DEBUG_INFORMATION_FORMAT = dwarf;
				ENABLE_STRICT_OBJC_MSGSEND = YES;
				ENABLE_TESTABILITY = YES;
				GCC_C_LANGUAGE_STANDARD = gnu11;
				GCC_DYNAMIC_NO_PIC = NO;
				GCC_NO_COMMON_BLOCKS = YES;
				GCC_OPTIMIZATION_LEVEL = 0;
				GCC_PREPROCESSOR_DEFINITIONS = (
					"DEBUG=1",
					"$(inherited)",
				);
				GCC_WARN_64_TO_32_BIT_CONVERSION = YES;
				GCC_WARN_ABOUT_RETURN_TYPE = YES_ERROR;
				GCC_WARN_UNDECLARED_SELECTOR = YES;
				GCC_WARN_UNINITIALIZED_AUTOS = YES_AGGRESSIVE;
				GCC_WARN_UNUSED_FUNCTION = YES;
				GCC_WARN_UNUSED_VARIABLE = YES;
				IPHONEOS_DEPLOYMENT_TARGET = 13.4;
				MTL_ENABLE_DEBUG_INFO = INCLUDE_SOURCE;
				MTL_FAST_MATH = YES;
				ONLY_ACTIVE_ARCH = YES;
				SDKROOT = iphoneos;
				SWIFT_ACTIVE_COMPILATION_CONDITIONS = DEBUG;
				SWIFT_OPTIMIZATION_LEVEL = "-Onone";
			};
			name = Debug;
		};
		327CC5C324B887B6006DC2A1 /* Release */ = {
			isa = XCBuildConfiguration;
			buildSettings = {
				ALWAYS_SEARCH_USER_PATHS = NO;
				CLANG_ANALYZER_NONNULL = YES;
				CLANG_ANALYZER_NUMBER_OBJECT_CONVERSION = YES_AGGRESSIVE;
				CLANG_CXX_LANGUAGE_STANDARD = "gnu++14";
				CLANG_CXX_LIBRARY = "libc++";
				CLANG_ENABLE_MODULES = YES;
				CLANG_ENABLE_OBJC_ARC = YES;
				CLANG_ENABLE_OBJC_WEAK = YES;
				CLANG_WARN_BLOCK_CAPTURE_AUTORELEASING = YES;
				CLANG_WARN_BOOL_CONVERSION = YES;
				CLANG_WARN_COMMA = YES;
				CLANG_WARN_CONSTANT_CONVERSION = YES;
				CLANG_WARN_DEPRECATED_OBJC_IMPLEMENTATIONS = YES;
				CLANG_WARN_DIRECT_OBJC_ISA_USAGE = YES_ERROR;
				CLANG_WARN_DOCUMENTATION_COMMENTS = YES;
				CLANG_WARN_EMPTY_BODY = YES;
				CLANG_WARN_ENUM_CONVERSION = YES;
				CLANG_WARN_INFINITE_RECURSION = YES;
				CLANG_WARN_INT_CONVERSION = YES;
				CLANG_WARN_NON_LITERAL_NULL_CONVERSION = YES;
				CLANG_WARN_OBJC_IMPLICIT_RETAIN_SELF = YES;
				CLANG_WARN_OBJC_LITERAL_CONVERSION = YES;
				CLANG_WARN_OBJC_ROOT_CLASS = YES_ERROR;
				CLANG_WARN_RANGE_LOOP_ANALYSIS = YES;
				CLANG_WARN_STRICT_PROTOTYPES = YES;
				CLANG_WARN_SUSPICIOUS_MOVE = YES;
				CLANG_WARN_UNGUARDED_AVAILABILITY = YES_AGGRESSIVE;
				CLANG_WARN_UNREACHABLE_CODE = YES;
				CLANG_WARN__DUPLICATE_METHOD_MATCH = YES;
				COPY_PHASE_STRIP = NO;
				DEBUG_INFORMATION_FORMAT = "dwarf-with-dsym";
				ENABLE_NS_ASSERTIONS = NO;
				ENABLE_STRICT_OBJC_MSGSEND = YES;
				GCC_C_LANGUAGE_STANDARD = gnu11;
				GCC_NO_COMMON_BLOCKS = YES;
				GCC_WARN_64_TO_32_BIT_CONVERSION = YES;
				GCC_WARN_ABOUT_RETURN_TYPE = YES_ERROR;
				GCC_WARN_UNDECLARED_SELECTOR = YES;
				GCC_WARN_UNINITIALIZED_AUTOS = YES_AGGRESSIVE;
				GCC_WARN_UNUSED_FUNCTION = YES;
				GCC_WARN_UNUSED_VARIABLE = YES;
				IPHONEOS_DEPLOYMENT_TARGET = 13.4;
				MTL_ENABLE_DEBUG_INFO = NO;
				MTL_FAST_MATH = YES;
				SDKROOT = iphoneos;
				SWIFT_COMPILATION_MODE = wholemodule;
				SWIFT_OPTIMIZATION_LEVEL = "-O";
				VALIDATE_PRODUCT = YES;
			};
			name = Release;
		};
		327CC5C524B887B6006DC2A1 /* Debug */ = {
			isa = XCBuildConfiguration;
			buildSettings = {
				ASSETCATALOG_COMPILER_APPICON_NAME = AppIcon;
				CODE_SIGN_STYLE = Automatic;
				DEVELOPMENT_TEAM = 6NQBNW2Z7X;
				INFOPLIST_FILE = "Covid Tracker/Info.plist";
				LD_RUNPATH_SEARCH_PATHS = (
					"$(inherited)",
					"@executable_path/Frameworks",
				);
				PRODUCT_BUNDLE_IDENTIFIER = "com.nikit.Covid-Tracker";
				PRODUCT_NAME = "$(TARGET_NAME)";
				SWIFT_VERSION = 5.0;
				TARGETED_DEVICE_FAMILY = "1,2";
			};
			name = Debug;
		};
		327CC5C624B887B6006DC2A1 /* Release */ = {
			isa = XCBuildConfiguration;
			buildSettings = {
				ASSETCATALOG_COMPILER_APPICON_NAME = AppIcon;
				CODE_SIGN_STYLE = Automatic;
				DEVELOPMENT_TEAM = 6NQBNW2Z7X;
				INFOPLIST_FILE = "Covid Tracker/Info.plist";
				LD_RUNPATH_SEARCH_PATHS = (
					"$(inherited)",
					"@executable_path/Frameworks",
				);
				PRODUCT_BUNDLE_IDENTIFIER = "com.nikit.Covid-Tracker";
				PRODUCT_NAME = "$(TARGET_NAME)";
				SWIFT_VERSION = 5.0;
				TARGETED_DEVICE_FAMILY = "1,2";
			};
			name = Release;
		};
/* End XCBuildConfiguration section */

/* Begin XCConfigurationList section */
		327CC5AB24B887B4006DC2A1 /* Build configuration list for PBXProject "Covid Tracker" */ = {
			isa = XCConfigurationList;
			buildConfigurations = (
				327CC5C224B887B6006DC2A1 /* Debug */,
				327CC5C324B887B6006DC2A1 /* Release */,
			);
			defaultConfigurationIsVisible = 0;
			defaultConfigurationName = Release;
		};
		327CC5C424B887B6006DC2A1 /* Build configuration list for PBXNativeTarget "Covid Tracker" */ = {
			isa = XCConfigurationList;
			buildConfigurations = (
				327CC5C524B887B6006DC2A1 /* Debug */,
				327CC5C624B887B6006DC2A1 /* Release */,
			);
			defaultConfigurationIsVisible = 0;
			defaultConfigurationName = Release;
		};
/* End XCConfigurationList section */
	};
	rootObject = 327CC5A824B887B4006DC2A1 /* Project object */;
}
